// !$*UTF8*$!
{
	archiveVersion = 1;
	classes = {
	};
	objectVersion = 50;
	objects = {

/* Begin PBXBuildFile section */
		EE0A07CD214E62AA003E9EAD /* Helper.swift in Sources */ = {isa = PBXBuildFile; fileRef = EE0A07CC214E62AA003E9EAD /* Helper.swift */; };
		EE27EFE1214FE0140037A371 /* MapKit.framework in Frameworks */ = {isa = PBXBuildFile; fileRef = EE27EFE0214FE0140037A371 /* MapKit.framework */; };
		EEE79476214E7B6A00C0F209 /* DeliveryDetailViewController.swift in Sources */ = {isa = PBXBuildFile; fileRef = EEE79475214E7B6A00C0F209 /* DeliveryDetailViewController.swift */; };
		EEE79477214E7B6A00C0F209 /* DeliveryDetailViewController.swift in Sources */ = {isa = PBXBuildFile; fileRef = EEE79475214E7B6A00C0F209 /* DeliveryDetailViewController.swift */; };
		EEE79478214E7B6A00C0F209 /* DeliveryDetailViewController.swift in Sources */ = {isa = PBXBuildFile; fileRef = EEE79475214E7B6A00C0F209 /* DeliveryDetailViewController.swift */; };
		EEFCE24B214D238700C8F7B3 /* AppDelegate.swift in Sources */ = {isa = PBXBuildFile; fileRef = EEFCE24A214D238700C8F7B3 /* AppDelegate.swift */; };
		EEFCE252214D238800C8F7B3 /* Assets.xcassets in Resources */ = {isa = PBXBuildFile; fileRef = EEFCE251214D238800C8F7B3 /* Assets.xcassets */; };
		EEFCE255214D238800C8F7B3 /* LaunchScreen.storyboard in Resources */ = {isa = PBXBuildFile; fileRef = EEFCE253214D238800C8F7B3 /* LaunchScreen.storyboard */; };
		EEFCE260214D238900C8F7B3 /* DeliveryTrackerTests.swift in Sources */ = {isa = PBXBuildFile; fileRef = EEFCE25F214D238900C8F7B3 /* DeliveryTrackerTests.swift */; };
		EEFCE26B214D238900C8F7B3 /* DeliveryTrackerUITests.swift in Sources */ = {isa = PBXBuildFile; fileRef = EEFCE26A214D238900C8F7B3 /* DeliveryTrackerUITests.swift */; };
		EEFCE279214D2BF700C8F7B3 /* DeliveryListViewController.swift in Sources */ = {isa = PBXBuildFile; fileRef = EEFCE278214D2BF700C8F7B3 /* DeliveryListViewController.swift */; };
		EEFCE27A214D2BF700C8F7B3 /* DeliveryListViewController.swift in Sources */ = {isa = PBXBuildFile; fileRef = EEFCE278214D2BF700C8F7B3 /* DeliveryListViewController.swift */; };
		EEFCE27B214D2BF700C8F7B3 /* DeliveryListViewController.swift in Sources */ = {isa = PBXBuildFile; fileRef = EEFCE278214D2BF700C8F7B3 /* DeliveryListViewController.swift */; };
		EEFCE27E214D392600C8F7B3 /* DeliveryDetail.swift in Sources */ = {isa = PBXBuildFile; fileRef = EEFCE27C214D392600C8F7B3 /* DeliveryDetail.swift */; };
		EEFCE27F214D392600C8F7B3 /* DeliveryDetail.swift in Sources */ = {isa = PBXBuildFile; fileRef = EEFCE27C214D392600C8F7B3 /* DeliveryDetail.swift */; };
		EEFCE280214D392600C8F7B3 /* DeliveryDetail.swift in Sources */ = {isa = PBXBuildFile; fileRef = EEFCE27C214D392600C8F7B3 /* DeliveryDetail.swift */; };
		EEFCE281214D392600C8F7B3 /* Location.swift in Sources */ = {isa = PBXBuildFile; fileRef = EEFCE27D214D392600C8F7B3 /* Location.swift */; };
		EEFCE282214D392600C8F7B3 /* Location.swift in Sources */ = {isa = PBXBuildFile; fileRef = EEFCE27D214D392600C8F7B3 /* Location.swift */; };
		EEFCE283214D392600C8F7B3 /* Location.swift in Sources */ = {isa = PBXBuildFile; fileRef = EEFCE27D214D392600C8F7B3 /* Location.swift */; };
/* End PBXBuildFile section */

/* Begin PBXContainerItemProxy section */
		EEFCE25C214D238900C8F7B3 /* PBXContainerItemProxy */ = {
			isa = PBXContainerItemProxy;
			containerPortal = EEFCE23F214D238700C8F7B3 /* Project object */;
			proxyType = 1;
			remoteGlobalIDString = EEFCE246214D238700C8F7B3;
			remoteInfo = DeliveryTracker;
		};
		EEFCE267214D238900C8F7B3 /* PBXContainerItemProxy */ = {
			isa = PBXContainerItemProxy;
			containerPortal = EEFCE23F214D238700C8F7B3 /* Project object */;
			proxyType = 1;
			remoteGlobalIDString = EEFCE246214D238700C8F7B3;
			remoteInfo = DeliveryTracker;
		};
/* End PBXContainerItemProxy section */

/* Begin PBXFileReference section */
		EE0A07CC214E62AA003E9EAD /* Helper.swift */ = {isa = PBXFileReference; lastKnownFileType = sourcecode.swift; path = Helper.swift; sourceTree = "<group>"; };
		EE27EFE0214FE0140037A371 /* MapKit.framework */ = {isa = PBXFileReference; lastKnownFileType = wrapper.framework; name = MapKit.framework; path = System/Library/Frameworks/MapKit.framework; sourceTree = SDKROOT; };
		EEE79475214E7B6A00C0F209 /* DeliveryDetailViewController.swift */ = {isa = PBXFileReference; lastKnownFileType = sourcecode.swift; path = DeliveryDetailViewController.swift; sourceTree = "<group>"; };
		EEFCE247214D238700C8F7B3 /* DeliveryTracker.app */ = {isa = PBXFileReference; explicitFileType = wrapper.application; includeInIndex = 0; path = DeliveryTracker.app; sourceTree = BUILT_PRODUCTS_DIR; };
		EEFCE24A214D238700C8F7B3 /* AppDelegate.swift */ = {isa = PBXFileReference; lastKnownFileType = sourcecode.swift; path = AppDelegate.swift; sourceTree = "<group>"; };
		EEFCE251214D238800C8F7B3 /* Assets.xcassets */ = {isa = PBXFileReference; lastKnownFileType = folder.assetcatalog; path = Assets.xcassets; sourceTree = "<group>"; };
		EEFCE254214D238800C8F7B3 /* Base */ = {isa = PBXFileReference; lastKnownFileType = file.storyboard; name = Base; path = Base.lproj/LaunchScreen.storyboard; sourceTree = "<group>"; };
		EEFCE256214D238800C8F7B3 /* Info.plist */ = {isa = PBXFileReference; lastKnownFileType = text.plist.xml; path = Info.plist; sourceTree = "<group>"; };
		EEFCE25B214D238900C8F7B3 /* DeliveryTrackerTests.xctest */ = {isa = PBXFileReference; explicitFileType = wrapper.cfbundle; includeInIndex = 0; path = DeliveryTrackerTests.xctest; sourceTree = BUILT_PRODUCTS_DIR; };
		EEFCE25F214D238900C8F7B3 /* DeliveryTrackerTests.swift */ = {isa = PBXFileReference; lastKnownFileType = sourcecode.swift; path = DeliveryTrackerTests.swift; sourceTree = "<group>"; };
		EEFCE261214D238900C8F7B3 /* Info.plist */ = {isa = PBXFileReference; lastKnownFileType = text.plist.xml; path = Info.plist; sourceTree = "<group>"; };
		EEFCE266214D238900C8F7B3 /* DeliveryTrackerUITests.xctest */ = {isa = PBXFileReference; explicitFileType = wrapper.cfbundle; includeInIndex = 0; path = DeliveryTrackerUITests.xctest; sourceTree = BUILT_PRODUCTS_DIR; };
		EEFCE26A214D238900C8F7B3 /* DeliveryTrackerUITests.swift */ = {isa = PBXFileReference; lastKnownFileType = sourcecode.swift; path = DeliveryTrackerUITests.swift; sourceTree = "<group>"; };
		EEFCE26C214D238900C8F7B3 /* Info.plist */ = {isa = PBXFileReference; lastKnownFileType = text.plist.xml; path = Info.plist; sourceTree = "<group>"; };
		EEFCE278214D2BF700C8F7B3 /* DeliveryListViewController.swift */ = {isa = PBXFileReference; lastKnownFileType = sourcecode.swift; path = DeliveryListViewController.swift; sourceTree = "<group>"; };
		EEFCE27C214D392600C8F7B3 /* DeliveryDetail.swift */ = {isa = PBXFileReference; fileEncoding = 4; lastKnownFileType = sourcecode.swift; path = DeliveryDetail.swift; sourceTree = "<group>"; };
		EEFCE27D214D392600C8F7B3 /* Location.swift */ = {isa = PBXFileReference; fileEncoding = 4; lastKnownFileType = sourcecode.swift; path = Location.swift; sourceTree = "<group>"; };
/* End PBXFileReference section */

/* Begin PBXFrameworksBuildPhase section */
		EEFCE244214D238700C8F7B3 /* Frameworks */ = {
			isa = PBXFrameworksBuildPhase;
			buildActionMask = 2147483647;
			files = (
				EE27EFE1214FE0140037A371 /* MapKit.framework in Frameworks */,
			);
			runOnlyForDeploymentPostprocessing = 0;
		};
		EEFCE258214D238900C8F7B3 /* Frameworks */ = {
			isa = PBXFrameworksBuildPhase;
			buildActionMask = 2147483647;
			files = (
			);
			runOnlyForDeploymentPostprocessing = 0;
		};
		EEFCE263214D238900C8F7B3 /* Frameworks */ = {
			isa = PBXFrameworksBuildPhase;
			buildActionMask = 2147483647;
			files = (
			);
			runOnlyForDeploymentPostprocessing = 0;
		};
/* End PBXFrameworksBuildPhase section */

/* Begin PBXGroup section */
		EE27EFDF214FE0140037A371 /* Frameworks */ = {
			isa = PBXGroup;
			children = (
				EE27EFE0214FE0140037A371 /* MapKit.framework */,
			);
			name = Frameworks;
			sourceTree = "<group>";
		};
		EEFCE23E214D238700C8F7B3 = {
			isa = PBXGroup;
			children = (
				EEFCE249214D238700C8F7B3 /* DeliveryTracker */,
				EEFCE25E214D238900C8F7B3 /* DeliveryTrackerTests */,
				EEFCE269214D238900C8F7B3 /* DeliveryTrackerUITests */,
				EEFCE248214D238700C8F7B3 /* Products */,
				EE27EFDF214FE0140037A371 /* Frameworks */,
			);
			sourceTree = "<group>";
		};
		EEFCE248214D238700C8F7B3 /* Products */ = {
			isa = PBXGroup;
			children = (
				EEFCE247214D238700C8F7B3 /* DeliveryTracker.app */,
				EEFCE25B214D238900C8F7B3 /* DeliveryTrackerTests.xctest */,
				EEFCE266214D238900C8F7B3 /* DeliveryTrackerUITests.xctest */,
			);
			name = Products;
			sourceTree = "<group>";
		};
		EEFCE249214D238700C8F7B3 /* DeliveryTracker */ = {
			isa = PBXGroup;
			children = (
				EEFCE24A214D238700C8F7B3 /* AppDelegate.swift */,
				EE0A07CC214E62AA003E9EAD /* Helper.swift */,
				EEFCE285214D394400C8F7B3 /* ViewController */,
				EEFCE284214D393000C8F7B3 /* Model */,
				EEFCE251214D238800C8F7B3 /* Assets.xcassets */,
				EEFCE253214D238800C8F7B3 /* LaunchScreen.storyboard */,
				EEFCE256214D238800C8F7B3 /* Info.plist */,
			);
			path = DeliveryTracker;
			sourceTree = "<group>";
		};
		EEFCE25E214D238900C8F7B3 /* DeliveryTrackerTests */ = {
			isa = PBXGroup;
			children = (
				EEFCE25F214D238900C8F7B3 /* DeliveryTrackerTests.swift */,
				EEFCE261214D238900C8F7B3 /* Info.plist */,
			);
			path = DeliveryTrackerTests;
			sourceTree = "<group>";
		};
		EEFCE269214D238900C8F7B3 /* DeliveryTrackerUITests */ = {
			isa = PBXGroup;
			children = (
				EEFCE26A214D238900C8F7B3 /* DeliveryTrackerUITests.swift */,
				EEFCE26C214D238900C8F7B3 /* Info.plist */,
			);
			path = DeliveryTrackerUITests;
			sourceTree = "<group>";
		};
		EEFCE284214D393000C8F7B3 /* Model */ = {
			isa = PBXGroup;
			children = (
				EEFCE27C214D392600C8F7B3 /* DeliveryDetail.swift */,
				EEFCE27D214D392600C8F7B3 /* Location.swift */,
			);
			path = Model;
			sourceTree = "<group>";
		};
		EEFCE285214D394400C8F7B3 /* ViewController */ = {
			isa = PBXGroup;
			children = (
				EEFCE278214D2BF700C8F7B3 /* DeliveryListViewController.swift */,
				EEE79475214E7B6A00C0F209 /* DeliveryDetailViewController.swift */,
			);
			path = ViewController;
			sourceTree = "<group>";
		};
/* End PBXGroup section */

/* Begin PBXNativeTarget section */
		EEFCE246214D238700C8F7B3 /* DeliveryTracker */ = {
			isa = PBXNativeTarget;
			buildConfigurationList = EEFCE26F214D238900C8F7B3 /* Build configuration list for PBXNativeTarget "DeliveryTracker" */;
			buildPhases = (
				EEFCE243214D238700C8F7B3 /* Sources */,
				EEFCE244214D238700C8F7B3 /* Frameworks */,
				EEFCE245214D238700C8F7B3 /* Resources */,
			);
			buildRules = (
			);
			dependencies = (
			);
			name = DeliveryTracker;
			productName = DeliveryTracker;
			productReference = EEFCE247214D238700C8F7B3 /* DeliveryTracker.app */;
			productType = "com.apple.product-type.application";
		};
		EEFCE25A214D238900C8F7B3 /* DeliveryTrackerTests */ = {
			isa = PBXNativeTarget;
			buildConfigurationList = EEFCE272214D238900C8F7B3 /* Build configuration list for PBXNativeTarget "DeliveryTrackerTests" */;
			buildPhases = (
				EEFCE257214D238900C8F7B3 /* Sources */,
				EEFCE258214D238900C8F7B3 /* Frameworks */,
				EEFCE259214D238900C8F7B3 /* Resources */,
			);
			buildRules = (
			);
			dependencies = (
				EEFCE25D214D238900C8F7B3 /* PBXTargetDependency */,
			);
			name = DeliveryTrackerTests;
			productName = DeliveryTrackerTests;
			productReference = EEFCE25B214D238900C8F7B3 /* DeliveryTrackerTests.xctest */;
			productType = "com.apple.product-type.bundle.unit-test";
		};
		EEFCE265214D238900C8F7B3 /* DeliveryTrackerUITests */ = {
			isa = PBXNativeTarget;
			buildConfigurationList = EEFCE275214D238900C8F7B3 /* Build configuration list for PBXNativeTarget "DeliveryTrackerUITests" */;
			buildPhases = (
				EEFCE262214D238900C8F7B3 /* Sources */,
				EEFCE263214D238900C8F7B3 /* Frameworks */,
				EEFCE264214D238900C8F7B3 /* Resources */,
			);
			buildRules = (
			);
			dependencies = (
				EEFCE268214D238900C8F7B3 /* PBXTargetDependency */,
			);
			name = DeliveryTrackerUITests;
			productName = DeliveryTrackerUITests;
			productReference = EEFCE266214D238900C8F7B3 /* DeliveryTrackerUITests.xctest */;
			productType = "com.apple.product-type.bundle.ui-testing";
		};
/* End PBXNativeTarget section */

/* Begin PBXProject section */
		EEFCE23F214D238700C8F7B3 /* Project object */ = {
			isa = PBXProject;
			attributes = {
				LastSwiftUpdateCheck = 0940;
				LastUpgradeCheck = 0940;
				ORGANIZATIONNAME = "Vaibhav Misra";
				TargetAttributes = {
					EEFCE246214D238700C8F7B3 = {
						CreatedOnToolsVersion = 9.4.1;
						SystemCapabilities = {
							com.apple.Maps.iOS = {
								enabled = 1;
							};
						};
					};
					EEFCE25A214D238900C8F7B3 = {
						CreatedOnToolsVersion = 9.4.1;
						TestTargetID = EEFCE246214D238700C8F7B3;
					};
					EEFCE265214D238900C8F7B3 = {
						CreatedOnToolsVersion = 9.4.1;
						TestTargetID = EEFCE246214D238700C8F7B3;
					};
				};
			};
			buildConfigurationList = EEFCE242214D238700C8F7B3 /* Build configuration list for PBXProject "DeliveryTracker" */;
			compatibilityVersion = "Xcode 9.3";
			developmentRegion = en;
			hasScannedForEncodings = 0;
			knownRegions = (
				en,
				Base,
			);
			mainGroup = EEFCE23E214D238700C8F7B3;
			productRefGroup = EEFCE248214D238700C8F7B3 /* Products */;
			projectDirPath = "";
			projectRoot = "";
			targets = (
				EEFCE246214D238700C8F7B3 /* DeliveryTracker */,
				EEFCE25A214D238900C8F7B3 /* DeliveryTrackerTests */,
				EEFCE265214D238900C8F7B3 /* DeliveryTrackerUITests */,
			);
		};
/* End PBXProject section */

/* Begin PBXResourcesBuildPhase section */
		EEFCE245214D238700C8F7B3 /* Resources */ = {
			isa = PBXResourcesBuildPhase;
			buildActionMask = 2147483647;
			files = (
				EEFCE255214D238800C8F7B3 /* LaunchScreen.storyboard in Resources */,
				EEFCE252214D238800C8F7B3 /* Assets.xcassets in Resources */,
			);
			runOnlyForDeploymentPostprocessing = 0;
		};
		EEFCE259214D238900C8F7B3 /* Resources */ = {
			isa = PBXResourcesBuildPhase;
			buildActionMask = 2147483647;
			files = (
			);
			runOnlyForDeploymentPostprocessing = 0;
		};
		EEFCE264214D238900C8F7B3 /* Resources */ = {
			isa = PBXResourcesBuildPhase;
			buildActionMask = 2147483647;
			files = (
			);
			runOnlyForDeploymentPostprocessing = 0;
		};
/* End PBXResourcesBuildPhase section */

/* Begin PBXSourcesBuildPhase section */
		EEFCE243214D238700C8F7B3 /* Sources */ = {
			isa = PBXSourcesBuildPhase;
			buildActionMask = 2147483647;
			files = (
				EE0A07CD214E62AA003E9EAD /* Helper.swift in Sources */,
				EEE79476214E7B6A00C0F209 /* DeliveryDetailViewController.swift in Sources */,
				EEFCE279214D2BF700C8F7B3 /* DeliveryListViewController.swift in Sources */,
				EEFCE27E214D392600C8F7B3 /* DeliveryDetail.swift in Sources */,
				EEFCE281214D392600C8F7B3 /* Location.swift in Sources */,
				EEFCE24B214D238700C8F7B3 /* AppDelegate.swift in Sources */,
			);
			runOnlyForDeploymentPostprocessing = 0;
		};
		EEFCE257214D238900C8F7B3 /* Sources */ = {
			isa = PBXSourcesBuildPhase;
			buildActionMask = 2147483647;
			files = (
				EEFCE27A214D2BF700C8F7B3 /* DeliveryListViewController.swift in Sources */,
				EEFCE27F214D392600C8F7B3 /* DeliveryDetail.swift in Sources */,
				EEE79477214E7B6A00C0F209 /* DeliveryDetailViewController.swift in Sources */,
				EEFCE282214D392600C8F7B3 /* Location.swift in Sources */,
				EEFCE260214D238900C8F7B3 /* DeliveryTrackerTests.swift in Sources */,
			);
			runOnlyForDeploymentPostprocessing = 0;
		};
		EEFCE262214D238900C8F7B3 /* Sources */ = {
			isa = PBXSourcesBuildPhase;
			buildActionMask = 2147483647;
			files = (
				EEFCE27B214D2BF700C8F7B3 /* DeliveryListViewController.swift in Sources */,
				EEFCE280214D392600C8F7B3 /* DeliveryDetail.swift in Sources */,
				EEE79478214E7B6A00C0F209 /* DeliveryDetailViewController.swift in Sources */,
				EEFCE283214D392600C8F7B3 /* Location.swift in Sources */,
				EEFCE26B214D238900C8F7B3 /* DeliveryTrackerUITests.swift in Sources */,
			);
			runOnlyForDeploymentPostprocessing = 0;
		};
/* End PBXSourcesBuildPhase section */

/* Begin PBXTargetDependency section */
		EEFCE25D214D238900C8F7B3 /* PBXTargetDependency */ = {
			isa = PBXTargetDependency;
			target = EEFCE246214D238700C8F7B3 /* DeliveryTracker */;
			targetProxy = EEFCE25C214D238900C8F7B3 /* PBXContainerItemProxy */;
		};
		EEFCE268214D238900C8F7B3 /* PBXTargetDependency */ = {
			isa = PBXTargetDependency;
			target = EEFCE246214D238700C8F7B3 /* DeliveryTracker */;
			targetProxy = EEFCE267214D238900C8F7B3 /* PBXContainerItemProxy */;
		};
/* End PBXTargetDependency section */

/* Begin PBXVariantGroup section */
		EEFCE253214D238800C8F7B3 /* LaunchScreen.storyboard */ = {
			isa = PBXVariantGroup;
			children = (
				EEFCE254214D238800C8F7B3 /* Base */,
			);
			name = LaunchScreen.storyboard;
			sourceTree = "<group>";
		};
/* End PBXVariantGroup section */

/* Begin XCBuildConfiguration section */
		EEFCE26D214D238900C8F7B3 /* Debug */ = {
			isa = XCBuildConfiguration;
			buildSettings = {
				ALWAYS_SEARCH_USER_PATHS = NO;
				CLANG_ANALYZER_NONNULL = YES;
				CLANG_ANALYZER_NUMBER_OBJECT_CONVERSION = YES_AGGRESSIVE;
				CLANG_CXX_LANGUAGE_STANDARD = "gnu++14";
				CLANG_CXX_LIBRARY = "libc++";
				CLANG_ENABLE_MODULES = YES;
				CLANG_ENABLE_OBJC_ARC = YES;
				CLANG_ENABLE_OBJC_WEAK = YES;
				CLANG_WARN_BLOCK_CAPTURE_AUTORELEASING = YES;
				CLANG_WARN_BOOL_CONVERSION = YES;
				CLANG_WARN_COMMA = YES;
				CLANG_WARN_CONSTANT_CONVERSION = YES;
				CLANG_WARN_DEPRECATED_OBJC_IMPLEMENTATIONS = YES;
				CLANG_WARN_DIRECT_OBJC_ISA_USAGE = YES_ERROR;
				CLANG_WARN_DOCUMENTATION_COMMENTS = YES;
				CLANG_WARN_EMPTY_BODY = YES;
				CLANG_WARN_ENUM_CONVERSION = YES;
				CLANG_WARN_INFINITE_RECURSION = YES;
				CLANG_WARN_INT_CONVERSION = YES;
				CLANG_WARN_NON_LITERAL_NULL_CONVERSION = YES;
				CLANG_WARN_OBJC_IMPLICIT_RETAIN_SELF = YES;
				CLANG_WARN_OBJC_LITERAL_CONVERSION = YES;
				CLANG_WARN_OBJC_ROOT_CLASS = YES_ERROR;
				CLANG_WARN_RANGE_LOOP_ANALYSIS = YES;
				CLANG_WARN_STRICT_PROTOTYPES = YES;
				CLANG_WARN_SUSPICIOUS_MOVE = YES;
				CLANG_WARN_UNGUARDED_AVAILABILITY = YES_AGGRESSIVE;
				CLANG_WARN_UNREACHABLE_CODE = YES;
				CLANG_WARN__DUPLICATE_METHOD_MATCH = YES;
				CODE_SIGN_IDENTITY = "iPhone Developer";
				COPY_PHASE_STRIP = NO;
				DEBUG_INFORMATION_FORMAT = dwarf;
				ENABLE_STRICT_OBJC_MSGSEND = YES;
				ENABLE_TESTABILITY = YES;
				GCC_C_LANGUAGE_STANDARD = gnu11;
				GCC_DYNAMIC_NO_PIC = NO;
				GCC_NO_COMMON_BLOCKS = YES;
				GCC_OPTIMIZATION_LEVEL = 0;
				GCC_PREPROCESSOR_DEFINITIONS = (
					"DEBUG=1",
					"$(inherited)",
				);
				GCC_WARN_64_TO_32_BIT_CONVERSION = YES;
				GCC_WARN_ABOUT_RETURN_TYPE = YES_ERROR;
				GCC_WARN_UNDECLARED_SELECTOR = YES;
				GCC_WARN_UNINITIALIZED_AUTOS = YES_AGGRESSIVE;
				GCC_WARN_UNUSED_FUNCTION = YES;
				GCC_WARN_UNUSED_VARIABLE = YES;
				IPHONEOS_DEPLOYMENT_TARGET = 11.4;
				MTL_ENABLE_DEBUG_INFO = YES;
				ONLY_ACTIVE_ARCH = YES;
				SDKROOT = iphoneos;
				SWIFT_ACTIVE_COMPILATION_CONDITIONS = DEBUG;
				SWIFT_OPTIMIZATION_LEVEL = "-Onone";
			};
			name = Debug;
		};
		EEFCE26E214D238900C8F7B3 /* Release */ = {
			isa = XCBuildConfiguration;
			buildSettings = {
				ALWAYS_SEARCH_USER_PATHS = NO;
				CLANG_ANALYZER_NONNULL = YES;
				CLANG_ANALYZER_NUMBER_OBJECT_CONVERSION = YES_AGGRESSIVE;
				CLANG_CXX_LANGUAGE_STANDARD = "gnu++14";
				CLANG_CXX_LIBRARY = "libc++";
				CLANG_ENABLE_MODULES = YES;
				CLANG_ENABLE_OBJC_ARC = YES;
				CLANG_ENABLE_OBJC_WEAK = YES;
				CLANG_WARN_BLOCK_CAPTURE_AUTORELEASING = YES;
				CLANG_WARN_BOOL_CONVERSION = YES;
				CLANG_WARN_COMMA = YES;
				CLANG_WARN_CONSTANT_CONVERSION = YES;
				CLANG_WARN_DEPRECATED_OBJC_IMPLEMENTATIONS = YES;
				CLANG_WARN_DIRECT_OBJC_ISA_USAGE = YES_ERROR;
				CLANG_WARN_DOCUMENTATION_COMMENTS = YES;
				CLANG_WARN_EMPTY_BODY = YES;
				CLANG_WARN_ENUM_CONVERSION = YES;
				CLANG_WARN_INFINITE_RECURSION = YES;
				CLANG_WARN_INT_CONVERSION = YES;
				CLANG_WARN_NON_LITERAL_NULL_CONVERSION = YES;
				CLANG_WARN_OBJC_IMPLICIT_RETAIN_SELF = YES;
				CLANG_WARN_OBJC_LITERAL_CONVERSION = YES;
				CLANG_WARN_OBJC_ROOT_CLASS = YES_ERROR;
				CLANG_WARN_RANGE_LOOP_ANALYSIS = YES;
				CLANG_WARN_STRICT_PROTOTYPES = YES;
				CLANG_WARN_SUSPICIOUS_MOVE = YES;
				CLANG_WARN_UNGUARDED_AVAILABILITY = YES_AGGRESSIVE;
				CLANG_WARN_UNREACHABLE_CODE = YES;
				CLANG_WARN__DUPLICATE_METHOD_MATCH = YES;
				CODE_SIGN_IDENTITY = "iPhone Developer";
				COPY_PHASE_STRIP = NO;
				DEBUG_INFORMATION_FORMAT = "dwarf-with-dsym";
				ENABLE_NS_ASSERTIONS = NO;
				ENABLE_STRICT_OBJC_MSGSEND = YES;
				GCC_C_LANGUAGE_STANDARD = gnu11;
				GCC_NO_COMMON_BLOCKS = YES;
				GCC_WARN_64_TO_32_BIT_CONVERSION = YES;
				GCC_WARN_ABOUT_RETURN_TYPE = YES_ERROR;
				GCC_WARN_UNDECLARED_SELECTOR = YES;
				GCC_WARN_UNINITIALIZED_AUTOS = YES_AGGRESSIVE;
				GCC_WARN_UNUSED_FUNCTION = YES;
				GCC_WARN_UNUSED_VARIABLE = YES;
				IPHONEOS_DEPLOYMENT_TARGET = 11.4;
				MTL_ENABLE_DEBUG_INFO = NO;
				SDKROOT = iphoneos;
				SWIFT_COMPILATION_MODE = wholemodule;
				SWIFT_OPTIMIZATION_LEVEL = "-O";
				VALIDATE_PRODUCT = YES;
			};
			name = Release;
		};
		EEFCE270214D238900C8F7B3 /* Debug */ = {
			isa = XCBuildConfiguration;
			buildSettings = {
				ASSETCATALOG_COMPILER_APPICON_NAME = AppIcon;
				CODE_SIGN_STYLE = Automatic;
				DEVELOPMENT_TEAM = FD5Y82P4G6;
				INFOPLIST_FILE = DeliveryTracker/Info.plist;
				LD_RUNPATH_SEARCH_PATHS = (
					"$(inherited)",
					"@executable_path/Frameworks",
				);
				PRODUCT_BUNDLE_IDENTIFIER = com.vaibhavmisra.DeliveryTracker;
				PRODUCT_NAME = "$(TARGET_NAME)";
				SWIFT_VERSION = 4.0;
				TARGETED_DEVICE_FAMILY = "1,2";
			};
			name = Debug;
		};
		EEFCE271214D238900C8F7B3 /* Release */ = {
			isa = XCBuildConfiguration;
			buildSettings = {
				ASSETCATALOG_COMPILER_APPICON_NAME = AppIcon;
				CODE_SIGN_STYLE = Automatic;
				DEVELOPMENT_TEAM = FD5Y82P4G6;
				INFOPLIST_FILE = DeliveryTracker/Info.plist;
				LD_RUNPATH_SEARCH_PATHS = (
					"$(inherited)",
					"@executable_path/Frameworks",
				);
				PRODUCT_BUNDLE_IDENTIFIER = com.vaibhavmisra.DeliveryTracker;
				PRODUCT_NAME = "$(TARGET_NAME)";
				SWIFT_VERSION = 4.0;
				TARGETED_DEVICE_FAMILY = "1,2";
			};
			name = Release;
		};
		EEFCE273214D238900C8F7B3 /* Debug */ = {
			isa = XCBuildConfiguration;
			buildSettings = {
				ALWAYS_EMBED_SWIFT_STANDARD_LIBRARIES = YES;
				BUNDLE_LOADER = "$(TEST_HOST)";
				CODE_SIGN_STYLE = Automatic;
				DEVELOPMENT_TEAM = FD5Y82P4G6;
				INFOPLIST_FILE = DeliveryTrackerTests/Info.plist;
				LD_RUNPATH_SEARCH_PATHS = (
					"$(inherited)",
					"@executable_path/Frameworks",
					"@loader_path/Frameworks",
				);
				PRODUCT_BUNDLE_IDENTIFIER = com.vaibhavmisra.DeliveryTrackerTests;
				PRODUCT_NAME = "$(TARGET_NAME)";
				SWIFT_VERSION = 4.0;
				TARGETED_DEVICE_FAMILY = "1,2";
				TEST_HOST = "$(BUILT_PRODUCTS_DIR)/DeliveryTracker.app/DeliveryTracker";
			};
			name = Debug;
		};
		EEFCE274214D238900C8F7B3 /* Release */ = {
			isa = XCBuildConfiguration;
			buildSettings = {
				ALWAYS_EMBED_SWIFT_STANDARD_LIBRARIES = YES;
				BUNDLE_LOADER = "$(TEST_HOST)";
				CODE_SIGN_STYLE = Automatic;
				DEVELOPMENT_TEAM = FD5Y82P4G6;
				INFOPLIST_FILE = DeliveryTrackerTests/Info.plist;
				LD_RUNPATH_SEARCH_PATHS = (
					"$(inherited)",
					"@executable_path/Frameworks",
					"@loader_path/Frameworks",
				);
				PRODUCT_BUNDLE_IDENTIFIER = com.vaibhavmisra.DeliveryTrackerTests;
				PRODUCT_NAME = "$(TARGET_NAME)";
				SWIFT_VERSION = 4.0;
				TARGETED_DEVICE_FAMILY = "1,2";
				TEST_HOST = "$(BUILT_PRODUCTS_DIR)/DeliveryTracker.app/DeliveryTracker";
			};
			name = Release;
		};
		EEFCE276214D238900C8F7B3 /* Debug */ = {
			isa = XCBuildConfiguration;
			buildSettings = {
				ALWAYS_EMBED_SWIFT_STANDARD_LIBRARIES = YES;
				CODE_SIGN_STYLE = Automatic;
				DEVELOPMENT_TEAM = FD5Y82P4G6;
				INFOPLIST_FILE = DeliveryTrackerUITests/Info.plist;
				LD_RUNPATH_SEARCH_PATHS = (
					"$(inherited)",
					"@executable_path/Frameworks",
					"@loader_path/Frameworks",
				);
				PRODUCT_BUNDLE_IDENTIFIER = com.vaibhavmisra.DeliveryTrackerUITests;
				PRODUCT_NAME = "$(TARGET_NAME)";
				SWIFT_VERSION = 4.0;
				TARGETED_DEVICE_FAMILY = "1,2";
				TEST_TARGET_NAME = DeliveryTracker;
			};
			name = Debug;
		};
		EEFCE277214D238900C8F7B3 /* Release */ = {
			isa = XCBuildConfiguration;
			buildSettings = {
				ALWAYS_EMBED_SWIFT_STANDARD_LIBRARIES = YES;
				CODE_SIGN_STYLE = Automatic;
				DEVELOPMENT_TEAM = FD5Y82P4G6;
				INFOPLIST_FILE = DeliveryTrackerUITests/Info.plist;
				LD_RUNPATH_SEARCH_PATHS = (
					"$(inherited)",
					"@executable_path/Frameworks",
					"@loader_path/Frameworks",
				);
				PRODUCT_BUNDLE_IDENTIFIER = com.vaibhavmisra.DeliveryTrackerUITests;
				PRODUCT_NAME = "$(TARGET_NAME)";
				SWIFT_VERSION = 4.0;
				TARGETED_DEVICE_FAMILY = "1,2";
				TEST_TARGET_NAME = DeliveryTracker;
			};
			name = Release;
		};
/* End XCBuildConfiguration section */

/* Begin XCConfigurationList section */
		EEFCE242214D238700C8F7B3 /* Build configuration list for PBXProject "DeliveryTracker" */ = {
			isa = XCConfigurationList;
			buildConfigurations = (
				EEFCE26D214D238900C8F7B3 /* Debug */,
				EEFCE26E214D238900C8F7B3 /* Release */,
			);
			defaultConfigurationIsVisible = 0;
			defaultConfigurationName = Release;
		};
		EEFCE26F214D238900C8F7B3 /* Build configuration list for PBXNativeTarget "DeliveryTracker" */ = {
			isa = XCConfigurationList;
			buildConfigurations = (
				EEFCE270214D238900C8F7B3 /* Debug */,
				EEFCE271214D238900C8F7B3 /* Release */,
			);
			defaultConfigurationIsVisible = 0;
			defaultConfigurationName = Release;
		};
		EEFCE272214D238900C8F7B3 /* Build configuration list for PBXNativeTarget "DeliveryTrackerTests" */ = {
			isa = XCConfigurationList;
			buildConfigurations = (
				EEFCE273214D238900C8F7B3 /* Debug */,
				EEFCE274214D238900C8F7B3 /* Release */,
			);
			defaultConfigurationIsVisible = 0;
			defaultConfigurationName = Release;
		};
		EEFCE275214D238900C8F7B3 /* Build configuration list for PBXNativeTarget "DeliveryTrackerUITests" */ = {
			isa = XCConfigurationList;
			buildConfigurations = (
				EEFCE276214D238900C8F7B3 /* Debug */,
				EEFCE277214D238900C8F7B3 /* Release */,
			);
			defaultConfigurationIsVisible = 0;
			defaultConfigurationName = Release;
		};
/* End XCConfigurationList section */
	};
	rootObject = EEFCE23F214D238700C8F7B3 /* Project object */;
}
